# This file is automatically @generated by Cargo.
# It is not intended for manual editing.
version = 4

[[package]]
name = "foldhash"
version = "0.2.0"
source = "registry+https://github.com/rust-lang/crates.io-index"
checksum = "77ce24cb58228fbb8aa041425bb1050850ac19177686ea6e0f41a70416f56fdb"

[[package]]
name = "game_engine"
version = "0.1.0"
dependencies = [
 "glam",
 "hecs",
]

[[package]]
name = "glam"
version = "0.33.2"
source = "registry+https://github.com/rust-lang/crates.io-index"
checksum = "7f22fb22f065b308be0d8724e3706c7fa3fc2a6c7d6899df4cad7860e7a75436"

[[package]]
name = "hashbrown"
version = "0.16.1"
source = "registry+https://github.com/rust-lang/crates.io-index"
checksum = "841d1cc9bed7f9236f321df977030373f4a4163ae1a7dbfe1a51a2c1a51d9100"
dependencies = [
 "foldhash",
]

[[package]]
name = "hecs"
version = "0.11.0"
source = "registry+https://github.com/rust-lang/crates.io-index"
checksum = "f3a2d85ff28b1e1a1c183b6ca9ec1a6b97e7937fb989988a74d9db39760a07b8"
dependencies = [
 "foldhash",
 "hashbrown",
 "spin",
]

[[package]]
name = "spin"
version = "0.10.1"
source = "registry+https://github.com/rust-lang/crates.io-index"
checksum = "023a211cb3138dbc438680b32560ad89f699977624c9f8dbb95a47d5b4c07dd3"
